
Microsoft Visual Studio Solution File, Format Version 12.00
# Visual Studio 15
VisualStudioVersion = 15.0.28307.1259
MinimumVisualStudioVersion = 10.0.40219.1
Project("{FAE04EC0-301F-11D3-BF4B-00C04F79EFBC}") = "Examen12112020", "Examen12112020\Examen12112020.csproj", "{7550005D-A072-488D-89C5-13F03BDAFDE1}"
EndProject
Global
	GlobalSection(SolutionConfigurationPlatforms) = preSolution
		Debug|Any CPU = Debug|Any CPU
		Release|Any CPU = Release|Any CPU
	EndGlobalSection
	GlobalSection(ProjectConfigurationPlatforms) = postSolution
		{7550005D-A072-488D-89C5-13F03BDAFDE1}.Debug|Any CPU.ActiveCfg = Debug|Any CPU
		{7550005D-A072-488D-89C5-13F03BDAFDE1}.Debug|Any CPU.Build.0 = Debug|Any CPU
		{7550005D-A072-488D-89C5-13F03BDAFDE1}.Release|Any CPU.ActiveCfg = Release|Any CPU
		{7550005D-A072-488D-89C5-13F03BDAFDE1}.Release|Any CPU.Build.0 = Release|Any CPU
	EndGlobalSection
	GlobalSection(SolutionProperties) = preSolution
		HideSolutionNode = FALSE
	EndGlobalSection
	GlobalSection(ExtensibilityGlobals) = postSolution
		SolutionGuid = {001AEE2D-E76D-484B-B87E-A07E6FC398C1}
	EndGlobalSection
EndGlobal
